
Microsoft Visual Studio Solution File, Format Version 12.00
# Visual Studio 15
VisualStudioVersion = 15.0.28307.572
MinimumVisualStudioVersion = 10.0.40219.1
Project("{FAE04EC0-301F-11D3-BF4B-00C04F79EFBC}") = "QueueSystem.Contract", "QueueSystem.Contract\QueueSystem.Contract.csproj", "{73BC0361-282F-418D-B73A-6A705125BD27}"
EndProject
Project("{FAE04EC0-301F-11D3-BF4B-00C04F79EFBC}") = "QueueSystem.Host", "QueueSystem.Host\QueueSystem.Host.csproj", "{0BE3348C-8999-44FB-855F-73D20FEE9DF1}"
EndProject
Global
	GlobalSection(SolutionConfigurationPlatforms) = preSolution
		Debug|Any CPU = Debug|Any CPU
		Release|Any CPU = Release|Any CPU
	EndGlobalSection
	GlobalSection(ProjectConfigurationPlatforms) = postSolution
		{73BC0361-282F-418D-B73A-6A705125BD27}.Debug|Any CPU.ActiveCfg = Debug|Any CPU
		{73BC0361-282F-418D-B73A-6A705125BD27}.Debug|Any CPU.Build.0 = Debug|Any CPU
		{73BC0361-282F-418D-B73A-6A705125BD27}.Release|Any CPU.ActiveCfg = Release|Any CPU
		{73BC0361-282F-418D-B73A-6A705125BD27}.Release|Any CPU.Build.0 = Release|Any CPU
		{0BE3348C-8999-44FB-855F-73D20FEE9DF1}.Debug|Any CPU.ActiveCfg = Debug|Any CPU
		{0BE3348C-8999-44FB-855F-73D20FEE9DF1}.Debug|Any CPU.Build.0 = Debug|Any CPU
		{0BE3348C-8999-44FB-855F-73D20FEE9DF1}.Release|Any CPU.ActiveCfg = Release|Any CPU
		{0BE3348C-8999-44FB-855F-73D20FEE9DF1}.Release|Any CPU.Build.0 = Release|Any CPU
	EndGlobalSection
	GlobalSection(SolutionProperties) = preSolution
		HideSolutionNode = FALSE
	EndGlobalSection
	GlobalSection(ExtensibilityGlobals) = postSolution
		SolutionGuid = {678BC6CD-AFDB-4865-86A2-416EC8E2F374}
	EndGlobalSection
EndGlobal
